// !$*UTF8*$!
{
	archiveVersion = 1;
	classes = {
	};
	objectVersion = 55;
	objects = {

/* Begin PBXBuildFile section */
		510840B129602C7D00A8EEC3 /* ToDoList.xcdatamodeld in Sources */ = {isa = PBXBuildFile; fileRef = 510840AF29602C7D00A8EEC3 /* ToDoList.xcdatamodeld */; };
		5112F73E280EA1BD002F89D4 /* AppDelegate.swift in Sources */ = {isa = PBXBuildFile; fileRef = 5112F73D280EA1BD002F89D4 /* AppDelegate.swift */; };
		5112F740280EA1BD002F89D4 /* SceneDelegate.swift in Sources */ = {isa = PBXBuildFile; fileRef = 5112F73F280EA1BD002F89D4 /* SceneDelegate.swift */; };
		5112F742280EA1BD002F89D4 /* ToDoViewController.swift in Sources */ = {isa = PBXBuildFile; fileRef = 5112F741280EA1BD002F89D4 /* ToDoViewController.swift */; };
		5112F747280EA1C4002F89D4 /* Assets.xcassets in Resources */ = {isa = PBXBuildFile; fileRef = 5112F746280EA1C4002F89D4 /* Assets.xcassets */; };
		5115FECF2A742E150030FE30 /* ToDoPresenter.swift in Sources */ = {isa = PBXBuildFile; fileRef = 5115FECE2A742E150030FE30 /* ToDoPresenter.swift */; };
		5115FED12A742F220030FE30 /* ToDoTableViewCell.swift in Sources */ = {isa = PBXBuildFile; fileRef = 5115FED02A742F220030FE30 /* ToDoTableViewCell.swift */; };
		5115FED52A7431C60030FE30 /* ToDoViewProtocol.swift in Sources */ = {isa = PBXBuildFile; fileRef = 5115FED42A7431C60030FE30 /* ToDoViewProtocol.swift */; };
		5115FED72A74322A0030FE30 /* ToDoPresenterProtocol.swift in Sources */ = {isa = PBXBuildFile; fileRef = 5115FED62A74322A0030FE30 /* ToDoPresenterProtocol.swift */; };
		5115FEDB2A745B310030FE30 /* AlertViewController.swift in Sources */ = {isa = PBXBuildFile; fileRef = 5115FEDA2A745B310030FE30 /* AlertViewController.swift */; };
		5115FEDD2A74B7DF0030FE30 /* CoreDataProvider.swift in Sources */ = {isa = PBXBuildFile; fileRef = 5115FEDC2A74B7DF0030FE30 /* CoreDataProvider.swift */; };
		5115FEE02A7523710030FE30 /* ToDoConfugurator.swift in Sources */ = {isa = PBXBuildFile; fileRef = 5115FEDF2A7523710030FE30 /* ToDoConfugurator.swift */; };
/* End PBXBuildFile section */

/* Begin PBXFileReference section */
		510840B029602C7D00A8EEC3 /* ToDoList.xcdatamodel */ = {isa = PBXFileReference; lastKnownFileType = wrapper.xcdatamodel; path = ToDoList.xcdatamodel; sourceTree = "<group>"; };
		5112F73A280EA1BD002F89D4 /* ToDoList.app */ = {isa = PBXFileReference; explicitFileType = wrapper.application; includeInIndex = 0; path = ToDoList.app; sourceTree = BUILT_PRODUCTS_DIR; };
		5112F73D280EA1BD002F89D4 /* AppDelegate.swift */ = {isa = PBXFileReference; lastKnownFileType = sourcecode.swift; path = AppDelegate.swift; sourceTree = "<group>"; };
		5112F73F280EA1BD002F89D4 /* SceneDelegate.swift */ = {isa = PBXFileReference; lastKnownFileType = sourcecode.swift; path = SceneDelegate.swift; sourceTree = "<group>"; };
		5112F741280EA1BD002F89D4 /* ToDoViewController.swift */ = {isa = PBXFileReference; lastKnownFileType = sourcecode.swift; path = ToDoViewController.swift; sourceTree = "<group>"; };
		5112F746280EA1C4002F89D4 /* Assets.xcassets */ = {isa = PBXFileReference; lastKnownFileType = folder.assetcatalog; path = Assets.xcassets; sourceTree = "<group>"; };
		5112F74B280EA1C4002F89D4 /* Info.plist */ = {isa = PBXFileReference; lastKnownFileType = text.plist.xml; path = Info.plist; sourceTree = "<group>"; };
		5115FECE2A742E150030FE30 /* ToDoPresenter.swift */ = {isa = PBXFileReference; lastKnownFileType = sourcecode.swift; path = ToDoPresenter.swift; sourceTree = "<group>"; };
		5115FED02A742F220030FE30 /* ToDoTableViewCell.swift */ = {isa = PBXFileReference; lastKnownFileType = sourcecode.swift; path = ToDoTableViewCell.swift; sourceTree = "<group>"; };
		5115FED42A7431C60030FE30 /* ToDoViewProtocol.swift */ = {isa = PBXFileReference; lastKnownFileType = sourcecode.swift; path = ToDoViewProtocol.swift; sourceTree = "<group>"; };
		5115FED62A74322A0030FE30 /* ToDoPresenterProtocol.swift */ = {isa = PBXFileReference; lastKnownFileType = sourcecode.swift; path = ToDoPresenterProtocol.swift; sourceTree = "<group>"; };
		5115FEDA2A745B310030FE30 /* AlertViewController.swift */ = {isa = PBXFileReference; lastKnownFileType = sourcecode.swift; path = AlertViewController.swift; sourceTree = "<group>"; };
		5115FEDC2A74B7DF0030FE30 /* CoreDataProvider.swift */ = {isa = PBXFileReference; lastKnownFileType = sourcecode.swift; path = CoreDataProvider.swift; sourceTree = "<group>"; };
		5115FEDF2A7523710030FE30 /* ToDoConfugurator.swift */ = {isa = PBXFileReference; lastKnownFileType = sourcecode.swift; path = ToDoConfugurator.swift; sourceTree = "<group>"; };
/* End PBXFileReference section */

/* Begin PBXFrameworksBuildPhase section */
		5112F737280EA1BD002F89D4 /* Frameworks */ = {
			isa = PBXFrameworksBuildPhase;
			buildActionMask = 2147483647;
			files = (
			);
			runOnlyForDeploymentPostprocessing = 0;
		};
/* End PBXFrameworksBuildPhase section */

/* Begin PBXGroup section */
		5112F731280EA1BD002F89D4 = {
			isa = PBXGroup;
			children = (
				5112F73C280EA1BD002F89D4 /* ToDoList */,
				5112F73B280EA1BD002F89D4 /* Products */,
			);
			sourceTree = "<group>";
		};
		5112F73B280EA1BD002F89D4 /* Products */ = {
			isa = PBXGroup;
			children = (
				5112F73A280EA1BD002F89D4 /* ToDoList.app */,
			);
			name = Products;
			sourceTree = "<group>";
		};
		5112F73C280EA1BD002F89D4 /* ToDoList */ = {
			isa = PBXGroup;
			children = (
				5115FED22A742F800030FE30 /* Support Files */,
				5115FECA2A7429640030FE30 /* Model */,
				5115FECD2A7429890030FE30 /* Protocols */,
				5115FECC2A7429810030FE30 /* Presenter */,
				5115FECB2A7429710030FE30 /* View */,
				5112F74B280EA1C4002F89D4 /* Info.plist */,
			);
			path = ToDoList;
			sourceTree = "<group>";
		};
		5115FECA2A7429640030FE30 /* Model */ = {
			isa = PBXGroup;
			children = (
				510840AF29602C7D00A8EEC3 /* ToDoList.xcdatamodeld */,
				5115FEDC2A74B7DF0030FE30 /* CoreDataProvider.swift */,
			);
			path = Model;
			sourceTree = "<group>";
		};
		5115FECB2A7429710030FE30 /* View */ = {
			isa = PBXGroup;
			children = (
				5115FEDE2A7517B30030FE30 /* Cell */,
				5112F741280EA1BD002F89D4 /* ToDoViewController.swift */,
				5115FEDA2A745B310030FE30 /* AlertViewController.swift */,
				5115FEDF2A7523710030FE30 /* ToDoConfugurator.swift */,
			);
			path = View;
			sourceTree = "<group>";
		};
		5115FECC2A7429810030FE30 /* Presenter */ = {
			isa = PBXGroup;
			children = (
				5115FECE2A742E150030FE30 /* ToDoPresenter.swift */,
			);
			path = Presenter;
			sourceTree = "<group>";
		};
		5115FECD2A7429890030FE30 /* Protocols */ = {
			isa = PBXGroup;
			children = (
				5115FED42A7431C60030FE30 /* ToDoViewProtocol.swift */,
				5115FED62A74322A0030FE30 /* ToDoPresenterProtocol.swift */,
			);
			path = Protocols;
			sourceTree = "<group>";
		};
		5115FED22A742F800030FE30 /* Support Files */ = {
			isa = PBXGroup;
			children = (
				5112F746280EA1C4002F89D4 /* Assets.xcassets */,
				5112F73F280EA1BD002F89D4 /* SceneDelegate.swift */,
				5112F73D280EA1BD002F89D4 /* AppDelegate.swift */,
			);
			path = "Support Files";
			sourceTree = "<group>";
		};
		5115FEDE2A7517B30030FE30 /* Cell */ = {
			isa = PBXGroup;
			children = (
				5115FED02A742F220030FE30 /* ToDoTableViewCell.swift */,
			);
			path = Cell;
			sourceTree = "<group>";
		};
/* End PBXGroup section */

/* Begin PBXNativeTarget section */
		5112F739280EA1BD002F89D4 /* ToDoList */ = {
			isa = PBXNativeTarget;
			buildConfigurationList = 5112F74E280EA1C4002F89D4 /* Build configuration list for PBXNativeTarget "ToDoList" */;
			buildPhases = (
				5112F736280EA1BD002F89D4 /* Sources */,
				5112F737280EA1BD002F89D4 /* Frameworks */,
				5112F738280EA1BD002F89D4 /* Resources */,
			);
			buildRules = (
			);
			dependencies = (
			);
			name = ToDoList;
			productName = ToDoList;
			productReference = 5112F73A280EA1BD002F89D4 /* ToDoList.app */;
			productType = "com.apple.product-type.application";
		};
/* End PBXNativeTarget section */

/* Begin PBXProject section */
		5112F732280EA1BD002F89D4 /* Project object */ = {
			isa = PBXProject;
			attributes = {
				BuildIndependentTargetsInParallel = 1;
				LastSwiftUpdateCheck = 1330;
				LastUpgradeCheck = 1330;
				TargetAttributes = {
					5112F739280EA1BD002F89D4 = {
						CreatedOnToolsVersion = 13.3;
					};
				};
			};
			buildConfigurationList = 5112F735280EA1BD002F89D4 /* Build configuration list for PBXProject "ToDoList" */;
			compatibilityVersion = "Xcode 13.0";
			developmentRegion = en;
			hasScannedForEncodings = 0;
			knownRegions = (
				en,
				Base,
			);
			mainGroup = 5112F731280EA1BD002F89D4;
			productRefGroup = 5112F73B280EA1BD002F89D4 /* Products */;
			projectDirPath = "";
			projectRoot = "";
			targets = (
				5112F739280EA1BD002F89D4 /* ToDoList */,
			);
		};
/* End PBXProject section */

/* Begin PBXResourcesBuildPhase section */
		5112F738280EA1BD002F89D4 /* Resources */ = {
			isa = PBXResourcesBuildPhase;
			buildActionMask = 2147483647;
			files = (
				5112F747280EA1C4002F89D4 /* Assets.xcassets in Resources */,
			);
			runOnlyForDeploymentPostprocessing = 0;
		};
/* End PBXResourcesBuildPhase section */

/* Begin PBXSourcesBuildPhase section */
		5112F736280EA1BD002F89D4 /* Sources */ = {
			isa = PBXSourcesBuildPhase;
			buildActionMask = 2147483647;
			files = (
				5112F742280EA1BD002F89D4 /* ToDoViewController.swift in Sources */,
				5115FECF2A742E150030FE30 /* ToDoPresenter.swift in Sources */,
				5112F73E280EA1BD002F89D4 /* AppDelegate.swift in Sources */,
				5115FED12A742F220030FE30 /* ToDoTableViewCell.swift in Sources */,
				5115FEDB2A745B310030FE30 /* AlertViewController.swift in Sources */,
				5115FEE02A7523710030FE30 /* ToDoConfugurator.swift in Sources */,
				5115FED52A7431C60030FE30 /* ToDoViewProtocol.swift in Sources */,
				5112F740280EA1BD002F89D4 /* SceneDelegate.swift in Sources */,
				5115FED72A74322A0030FE30 /* ToDoPresenterProtocol.swift in Sources */,
				510840B129602C7D00A8EEC3 /* ToDoList.xcdatamodeld in Sources */,
				5115FEDD2A74B7DF0030FE30 /* CoreDataProvider.swift in Sources */,
			);
			runOnlyForDeploymentPostprocessing = 0;
		};
/* End PBXSourcesBuildPhase section */

/* Begin XCBuildConfiguration section */
		5112F74C280EA1C4002F89D4 /* Debug */ = {
			isa = XCBuildConfiguration;
			buildSettings = {
				ALWAYS_SEARCH_USER_PATHS = NO;
				CLANG_ANALYZER_NONNULL = YES;
				CLANG_ANALYZER_NUMBER_OBJECT_CONVERSION = YES_AGGRESSIVE;
				CLANG_CXX_LANGUAGE_STANDARD = "gnu++17";
				CLANG_ENABLE_MODULES = YES;
				CLANG_ENABLE_OBJC_ARC = YES;
				CLANG_ENABLE_OBJC_WEAK = YES;
				CLANG_WARN_BLOCK_CAPTURE_AUTORELEASING = YES;
				CLANG_WARN_BOOL_CONVERSION = YES;
				CLANG_WARN_COMMA = YES;
				CLANG_WARN_CONSTANT_CONVERSION = YES;
				CLANG_WARN_DEPRECATED_OBJC_IMPLEMENTATIONS = YES;
				CLANG_WARN_DIRECT_OBJC_ISA_USAGE = YES_ERROR;
				CLANG_WARN_DOCUMENTATION_COMMENTS = YES;
				CLANG_WARN_EMPTY_BODY = YES;
				CLANG_WARN_ENUM_CONVERSION = YES;
				CLANG_WARN_INFINITE_RECURSION = YES;
				CLANG_WARN_INT_CONVERSION = YES;
				CLANG_WARN_NON_LITERAL_NULL_CONVERSION = YES;
				CLANG_WARN_OBJC_IMPLICIT_RETAIN_SELF = YES;
				CLANG_WARN_OBJC_LITERAL_CONVERSION = YES;
				CLANG_WARN_OBJC_ROOT_CLASS = YES_ERROR;
				CLANG_WARN_QUOTED_INCLUDE_IN_FRAMEWORK_HEADER = YES;
				CLANG_WARN_RANGE_LOOP_ANALYSIS = YES;
				CLANG_WARN_STRICT_PROTOTYPES = YES;
				CLANG_WARN_SUSPICIOUS_MOVE = YES;
				CLANG_WARN_UNGUARDED_AVAILABILITY = YES_AGGRESSIVE;
				CLANG_WARN_UNREACHABLE_CODE = YES;
				CLANG_WARN__DUPLICATE_METHOD_MATCH = YES;
				COPY_PHASE_STRIP = NO;
				DEBUG_INFORMATION_FORMAT = dwarf;
				ENABLE_STRICT_OBJC_MSGSEND = YES;
				ENABLE_TESTABILITY = YES;
				GCC_C_LANGUAGE_STANDARD = gnu11;
				GCC_DYNAMIC_NO_PIC = NO;
				GCC_NO_COMMON_BLOCKS = YES;
				GCC_OPTIMIZATION_LEVEL = 0;
				GCC_PREPROCESSOR_DEFINITIONS = (
					"DEBUG=1",
					"$(inherited)",
				);
				GCC_WARN_64_TO_32_BIT_CONVERSION = YES;
				GCC_WARN_ABOUT_RETURN_TYPE = YES_ERROR;
				GCC_WARN_UNDECLARED_SELECTOR = YES;
				GCC_WARN_UNINITIALIZED_AUTOS = YES_AGGRESSIVE;
				GCC_WARN_UNUSED_FUNCTION = YES;
				GCC_WARN_UNUSED_VARIABLE = YES;
				IPHONEOS_DEPLOYMENT_TARGET = 15.4;
				MTL_ENABLE_DEBUG_INFO = INCLUDE_SOURCE;
				MTL_FAST_MATH = YES;
				ONLY_ACTIVE_ARCH = YES;
				SDKROOT = iphoneos;
				SWIFT_ACTIVE_COMPILATION_CONDITIONS = DEBUG;
				SWIFT_OPTIMIZATION_LEVEL = "-Onone";
			};
			name = Debug;
		};
		5112F74D280EA1C4002F89D4 /* Release */ = {
			isa = XCBuildConfiguration;
			buildSettings = {
				ALWAYS_SEARCH_USER_PATHS = NO;
				CLANG_ANALYZER_NONNULL = YES;
				CLANG_ANALYZER_NUMBER_OBJECT_CONVERSION = YES_AGGRESSIVE;
				CLANG_CXX_LANGUAGE_STANDARD = "gnu++17";
				CLANG_ENABLE_MODULES = YES;
				CLANG_ENABLE_OBJC_ARC = YES;
				CLANG_ENABLE_OBJC_WEAK = YES;
				CLANG_WARN_BLOCK_CAPTURE_AUTORELEASING = YES;
				CLANG_WARN_BOOL_CONVERSION = YES;
				CLANG_WARN_COMMA = YES;
				CLANG_WARN_CONSTANT_CONVERSION = YES;
				CLANG_WARN_DEPRECATED_OBJC_IMPLEMENTATIONS = YES;
				CLANG_WARN_DIRECT_OBJC_ISA_USAGE = YES_ERROR;
				CLANG_WARN_DOCUMENTATION_COMMENTS = YES;
				CLANG_WARN_EMPTY_BODY = YES;
				CLANG_WARN_ENUM_CONVERSION = YES;
				CLANG_WARN_INFINITE_RECURSION = YES;
				CLANG_WARN_INT_CONVERSION = YES;
				CLANG_WARN_NON_LITERAL_NULL_CONVERSION = YES;
				CLANG_WARN_OBJC_IMPLICIT_RETAIN_SELF = YES;
				CLANG_WARN_OBJC_LITERAL_CONVERSION = YES;
				CLANG_WARN_OBJC_ROOT_CLASS = YES_ERROR;
				CLANG_WARN_QUOTED_INCLUDE_IN_FRAMEWORK_HEADER = YES;
				CLANG_WARN_RANGE_LOOP_ANALYSIS = YES;
				CLANG_WARN_STRICT_PROTOTYPES = YES;
				CLANG_WARN_SUSPICIOUS_MOVE = YES;
				CLANG_WARN_UNGUARDED_AVAILABILITY = YES_AGGRESSIVE;
				CLANG_WARN_UNREACHABLE_CODE = YES;
				CLANG_WARN__DUPLICATE_METHOD_MATCH = YES;
				COPY_PHASE_STRIP = NO;
				DEBUG_INFORMATION_FORMAT = "dwarf-with-dsym";
				ENABLE_NS_ASSERTIONS = NO;
				ENABLE_STRICT_OBJC_MSGSEND = YES;
				GCC_C_LANGUAGE_STANDARD = gnu11;
				GCC_NO_COMMON_BLOCKS = YES;
				GCC_WARN_64_TO_32_BIT_CONVERSION = YES;
				GCC_WARN_ABOUT_RETURN_TYPE = YES_ERROR;
				GCC_WARN_UNDECLARED_SELECTOR = YES;
				GCC_WARN_UNINITIALIZED_AUTOS = YES_AGGRESSIVE;
				GCC_WARN_UNUSED_FUNCTION = YES;
				GCC_WARN_UNUSED_VARIABLE = YES;
				IPHONEOS_DEPLOYMENT_TARGET = 15.4;
				MTL_ENABLE_DEBUG_INFO = NO;
				MTL_FAST_MATH = YES;
				SDKROOT = iphoneos;
				SWIFT_COMPILATION_MODE = wholemodule;
				SWIFT_OPTIMIZATION_LEVEL = "-O";
				VALIDATE_PRODUCT = YES;
			};
			name = Release;
		};
		5112F74F280EA1C4002F89D4 /* Debug */ = {
			isa = XCBuildConfiguration;
			buildSettings = {
				ASSETCATALOG_COMPILER_APPICON_NAME = AppIcon;
				ASSETCATALOG_COMPILER_GLOBAL_ACCENT_COLOR_NAME = AccentColor;
				CODE_SIGN_STYLE = Automatic;
				CURRENT_PROJECT_VERSION = 1;
				DEVELOPMENT_TEAM = TL2V4D22UR;
				GENERATE_INFOPLIST_FILE = YES;
				INFOPLIST_FILE = ToDoList/Info.plist;
				INFOPLIST_KEY_UIApplicationSupportsIndirectInputEvents = YES;
				INFOPLIST_KEY_UILaunchStoryboardName = LaunchScreen;
				INFOPLIST_KEY_UISupportedInterfaceOrientations_iPad = "UIInterfaceOrientationPortrait UIInterfaceOrientationPortraitUpsideDown UIInterfaceOrientationLandscapeLeft UIInterfaceOrientationLandscapeRight";
				INFOPLIST_KEY_UISupportedInterfaceOrientations_iPhone = "UIInterfaceOrientationPortrait UIInterfaceOrientationLandscapeLeft UIInterfaceOrientationLandscapeRight";
				LD_RUNPATH_SEARCH_PATHS = (
					"$(inherited)",
					"@executable_path/Frameworks",
				);
				MARKETING_VERSION = 1.0;
				PRODUCT_BUNDLE_IDENTIFIER = "Fedosova-Viktorya.ToDoList";
				PRODUCT_NAME = "$(TARGET_NAME)";
				SWIFT_EMIT_LOC_STRINGS = YES;
				SWIFT_VERSION = 5.0;
				TARGETED_DEVICE_FAMILY = "1,2";
			};
			name = Debug;
		};
		5112F750280EA1C4002F89D4 /* Release */ = {
			isa = XCBuildConfiguration;
			buildSettings = {
				ASSETCATALOG_COMPILER_APPICON_NAME = AppIcon;
				ASSETCATALOG_COMPILER_GLOBAL_ACCENT_COLOR_NAME = AccentColor;
				CODE_SIGN_STYLE = Automatic;
				CURRENT_PROJECT_VERSION = 1;
				DEVELOPMENT_TEAM = TL2V4D22UR;
				GENERATE_INFOPLIST_FILE = YES;
				INFOPLIST_FILE = ToDoList/Info.plist;
				INFOPLIST_KEY_UIApplicationSupportsIndirectInputEvents = YES;
				INFOPLIST_KEY_UILaunchStoryboardName = LaunchScreen;
				INFOPLIST_KEY_UISupportedInterfaceOrientations_iPad = "UIInterfaceOrientationPortrait UIInterfaceOrientationPortraitUpsideDown UIInterfaceOrientationLandscapeLeft UIInterfaceOrientationLandscapeRight";
				INFOPLIST_KEY_UISupportedInterfaceOrientations_iPhone = "UIInterfaceOrientationPortrait UIInterfaceOrientationLandscapeLeft UIInterfaceOrientationLandscapeRight";
				LD_RUNPATH_SEARCH_PATHS = (
					"$(inherited)",
					"@executable_path/Frameworks",
				);
				MARKETING_VERSION = 1.0;
				PRODUCT_BUNDLE_IDENTIFIER = "Fedosova-Viktorya.ToDoList";
				PRODUCT_NAME = "$(TARGET_NAME)";
				SWIFT_EMIT_LOC_STRINGS = YES;
				SWIFT_VERSION = 5.0;
				TARGETED_DEVICE_FAMILY = "1,2";
			};
			name = Release;
		};
/* End XCBuildConfiguration section */

/* Begin XCConfigurationList section */
		5112F735280EA1BD002F89D4 /* Build configuration list for PBXProject "ToDoList" */ = {
			isa = XCConfigurationList;
			buildConfigurations = (
				5112F74C280EA1C4002F89D4 /* Debug */,
				5112F74D280EA1C4002F89D4 /* Release */,
			);
			defaultConfigurationIsVisible = 0;
			defaultConfigurationName = Release;
		};
		5112F74E280EA1C4002F89D4 /* Build configuration list for PBXNativeTarget "ToDoList" */ = {
			isa = XCConfigurationList;
			buildConfigurations = (
				5112F74F280EA1C4002F89D4 /* Debug */,
				5112F750280EA1C4002F89D4 /* Release */,
			);
			defaultConfigurationIsVisible = 0;
			defaultConfigurationName = Release;
		};
/* End XCConfigurationList section */

/* Begin XCVersionGroup section */
		510840AF29602C7D00A8EEC3 /* ToDoList.xcdatamodeld */ = {
			isa = XCVersionGroup;
			children = (
				510840B029602C7D00A8EEC3 /* ToDoList.xcdatamodel */,
			);
			currentVersion = 510840B029602C7D00A8EEC3 /* ToDoList.xcdatamodel */;
			path = ToDoList.xcdatamodeld;
			sourceTree = "<group>";
			versionGroupType = wrapper.xcdatamodel;
		};
/* End XCVersionGroup section */
	};
	rootObject = 5112F732280EA1BD002F89D4 /* Project object */;
}
